
Microsoft Visual Studio Solution File, Format Version 12.00
# Visual Studio Version 16
VisualStudioVersion = 16.0.31129.286
MinimumVisualStudioVersion = 10.0.40219.1
Project("{FAE04EC0-301F-11D3-BF4B-00C04F79EFBC}") = "UR1 HW 4", "UR1 HW 4\UR1 HW 4.csproj", "{CFC28519-50A8-4989-8EB6-E64D62480386}"
EndProject
Global
	GlobalSection(SolutionConfigurationPlatforms) = preSolution
		Debug|Any CPU = Debug|Any CPU
		Release|Any CPU = Release|Any CPU
	EndGlobalSection
	GlobalSection(ProjectConfigurationPlatforms) = postSolution
		{CFC28519-50A8-4989-8EB6-E64D62480386}.Debug|Any CPU.ActiveCfg = Debug|Any CPU
		{CFC28519-50A8-4989-8EB6-E64D62480386}.Debug|Any CPU.Build.0 = Debug|Any CPU
		{CFC28519-50A8-4989-8EB6-E64D62480386}.Release|Any CPU.ActiveCfg = Release|Any CPU
		{CFC28519-50A8-4989-8EB6-E64D62480386}.Release|Any CPU.Build.0 = Release|Any CPU
	EndGlobalSection
	GlobalSection(SolutionProperties) = preSolution
		HideSolutionNode = FALSE
	EndGlobalSection
	GlobalSection(ExtensibilityGlobals) = postSolution
		SolutionGuid = {77A136F2-A4A2-4C95-906A-259087F1E95A}
	EndGlobalSection
EndGlobal
